<?xml version="1.0" encoding="utf-8"?>
<Project ToolsVersion="4.0" xmlns="http://schemas.microsoft.com/developer/msbuild/2003">
  <ItemGroup>
    <Filter Include="Source Files">
      <UniqueIdentifier>{4FC737F1-C7A5-4376-A066-2A32D752A2FF}</UniqueIdentifier>
      <Extensions>cpp;c;cc;cxx;def;odl;idl;hpj;bat;asm;asmx</Extensions>
    </Filter>
    <Filter Include="Header Files">
      <UniqueIdentifier>{93995380-89BD-4b04-88EB-625FBE52EBFB}</UniqueIdentifier>
      <Extensions>h;hh;hpp;hxx;hm;inl;inc;xsd</Extensions>
    </Filter>
    <Filter Include="Resource Files">
      <UniqueIdentifier>{67DA6AB6-F800-4c08-8B7A-83BB121AAD01}</UniqueIdentifier>
      <Extensions>rc;ico;cur;bmp;dlg;rc2;rct;bin;rgs;gif;jpg;jpeg;jpe;resx;tiff;tif;png;wav;mfcribbon-ms</Extensions>
    </Filter>
    <Filter Include="Header Files\objects">
      <UniqueIdentifier>{41903205-817c-4438-90f1-92f91f848761}</UniqueIdentifier>
    </Filter>
    <Filter Include="Source Files\objects">
      <UniqueIdentifier>{ee6456b7-6664-482d-8b9d-b6ec38db307a}</UniqueIdentifier>
    </Filter>
    <Filter Include="Header Files\bullets">
      <UniqueIdentifier>{9372e9b7-4966-4cf8-83ed-c2f9a75b245e}</UniqueIdentifier>
    </Filter>
    <Filter Include="Source Files\bullets">
      <UniqueIdentifier>{748b347f-358c-41a9-8918-530f54fe7c18}</UniqueIdentifier>
    </Filter>
  </ItemGroup>
  <ItemGroup>
    <ClCompile Include="debug.cpp">
      <Filter>Source Files</Filter>
    </ClCompile>
    <ClCompile Include="Game.cpp">
      <Filter>Source Files</Filter>
    </ClCompile>
    <ClCompile Include="main.cpp">
      <Filter>Source Files</Filter>
    </ClCompile>
    <ClCompile Include="Animation.cpp">
      <Filter>Source Files</Filter>
    </ClCompile>
    <ClCompile Include="Sprite.cpp">
      <Filter>Source Files</Filter>
    </ClCompile>
    <ClCompile Include="Texture.cpp">
      <Filter>Source Files</Filter>
    </ClCompile>
    <ClCompile Include="Camera.cpp">
      <Filter>Source Files</Filter>
    </ClCompile>
    <ClCompile Include="Keyboard.cpp">
      <Filter>Source Files</Filter>
    </ClCompile>
    <ClCompile Include="Object.cpp">
      <Filter>Source Files</Filter>
    </ClCompile>
    <ClCompile Include="Global.cpp">
      <Filter>Source Files</Filter>
    </ClCompile>
    <ClCompile Include="Collision.cpp">
      <Filter>Source Files</Filter>
    </ClCompile>
    <ClCompile Include="BaseCollision.cpp">
      <Filter>Source Files</Filter>
    </ClCompile>
    <ClCompile Include="Car.cpp">
      <Filter>Source Files</Filter>
    </ClCompile>
    <ClCompile Include="CarWheelLeft.cpp">
      <Filter>Source Files</Filter>
    </ClCompile>
    <ClCompile Include="CarGun.cpp">
      <Filter>Source Files</Filter>
    </ClCompile>
    <ClCompile Include="CarWheelRight.cpp">
      <Filter>Source Files</Filter>
    </ClCompile>
    <ClCompile Include="CarBody.cpp">
      <Filter>Source Files</Filter>
    </ClCompile>
    <ClCompile Include="CarHead.cpp">
      <Filter>Source Files</Filter>
    </ClCompile>
    <ClCompile Include="Brick.cpp">
      <Filter>Source Files\objects</Filter>
    </ClCompile>
    <ClCompile Include="CarBullet.cpp">
      <Filter>Source Files\bullets</Filter>
    </ClCompile>
    <ClCompile Include="Door.cpp">
      <Filter>Source Files</Filter>
    </ClCompile>
    <ClCompile Include="Mission1.cpp">
      <Filter>Source Files</Filter>
    </ClCompile>
    <ClCompile Include="Mission2.cpp">
      <Filter>Source Files</Filter>
    </ClCompile>
    <ClCompile Include="Map2.cpp">
      <Filter>Source Files</Filter>
    </ClCompile>
    <ClCompile Include="TileSet2.cpp">
      <Filter>Source Files</Filter>
    </ClCompile>
    <ClCompile Include="Jason2.cpp">
      <Filter>Source Files</Filter>
    </ClCompile>
    <ClCompile Include="Map1.cpp">
      <Filter>Source Files</Filter>
    </ClCompile>
    <ClCompile Include="TileSet1.cpp">
      <Filter>Source Files</Filter>
    </ClCompile>
    <ClCompile Include="Jason1.cpp">
      <Filter>Source Files</Filter>
    </ClCompile>
    <ClCompile Include="Jason2Bullet.cpp">
      <Filter>Source Files\bullets</Filter>
    </ClCompile>
    <ClCompile Include="Worm.cpp">
      <Filter>Source Files\objects</Filter>
    </ClCompile>
    <ClCompile Include="Lava.cpp">
      <Filter>Source Files\objects</Filter>
    </ClCompile>
    <ClCompile Include="Chalk.cpp">
      <Filter>Source Files\objects</Filter>
    </ClCompile>
    <ClCompile Include="Cannons.cpp">
      <Filter>Source Files\objects</Filter>
    </ClCompile>
    <ClCompile Include="Domes.cpp">
      <Filter>Source Files\objects</Filter>
    </ClCompile>
    <ClCompile Include="EyeBall.cpp">
      <Filter>Source Files\objects</Filter>
    </ClCompile>
    <ClCompile Include="Floater.cpp">
      <Filter>Source Files\objects</Filter>
    </ClCompile>
    <ClCompile Include="Insect.cpp">
      <Filter>Source Files\objects</Filter>
    </ClCompile>
    <ClCompile Include="Jumper.cpp">
      <Filter>Source Files\objects</Filter>
    </ClCompile>
    <ClCompile Include="Orb.cpp">
      <Filter>Source Files\objects</Filter>
    </ClCompile>
    <ClCompile Include="Skull.cpp">
      <Filter>Source Files\objects</Filter>
    </ClCompile>
    <ClCompile Include="Teleporter.cpp">
      <Filter>Source Files\objects</Filter>
    </ClCompile>
    <ClCompile Include="Jason1Bullet.cpp">
      <Filter>Source Files\bullets</Filter>
    </ClCompile>
    <ClCompile Include="Boss.cpp">
      <Filter>Source Files\objects</Filter>
    </ClCompile>
    <ClCompile Include="SkullBullet.cpp">
      <Filter>Source Files\bullets</Filter>
    </ClCompile>
    <ClCompile Include="BossBullet.cpp">
      <Filter>Source Files\bullets</Filter>
    </ClCompile>
  </ItemGroup>
  <ItemGroup>
    <ClInclude Include="debug.h">
      <Filter>Header Files</Filter>
    </ClInclude>
    <ClInclude Include="Game.h">
      <Filter>Header Files</Filter>
    </ClInclude>
    <ClInclude Include="Animation.h">
      <Filter>Header Files</Filter>
    </ClInclude>
    <ClInclude Include="Sprite.h">
      <Filter>Header Files</Filter>
    </ClInclude>
    <ClInclude Include="Texture.h">
      <Filter>Header Files</Filter>
    </ClInclude>
    <ClInclude Include="Camera.h">
      <Filter>Header Files</Filter>
    </ClInclude>
    <ClInclude Include="Keyboard.h">
      <Filter>Header Files</Filter>
    </ClInclude>
    <ClInclude Include="Object.h">
      <Filter>Header Files</Filter>
    </ClInclude>
    <ClInclude Include="Global.h">
      <Filter>Header Files</Filter>
    </ClInclude>
    <ClInclude Include="Collision.h">
      <Filter>Header Files</Filter>
    </ClInclude>
    <ClInclude Include="BaseCollision.h">
      <Filter>Header Files</Filter>
    </ClInclude>
    <ClInclude Include="Car.h">
      <Filter>Header Files</Filter>
    </ClInclude>
    <ClInclude Include="CarWheelLeft.h">
      <Filter>Header Files</Filter>
    </ClInclude>
    <ClInclude Include="CarGun.h">
      <Filter>Header Files</Filter>
    </ClInclude>
    <ClInclude Include="CarWheelRight.h">
      <Filter>Header Files</Filter>
    </ClInclude>
    <ClInclude Include="CarBody.h">
      <Filter>Header Files</Filter>
    </ClInclude>
    <ClInclude Include="CarHead.h">
      <Filter>Header Files</Filter>
    </ClInclude>
    <ClInclude Include="json.hpp">
      <Filter>Resource Files</Filter>
    </ClInclude>
    <ClInclude Include="Brick.h">
      <Filter>Header Files\objects</Filter>
    </ClInclude>
    <ClInclude Include="CarBullet.h">
      <Filter>Header Files\bullets</Filter>
    </ClInclude>
    <ClInclude Include="Door.h">
      <Filter>Header Files</Filter>
    </ClInclude>
    <ClInclude Include="Mission1.h">
      <Filter>Header Files</Filter>
    </ClInclude>
    <ClInclude Include="Mission2.h">
      <Filter>Header Files</Filter>
    </ClInclude>
    <ClInclude Include="Map2.h">
      <Filter>Header Files</Filter>
    </ClInclude>
    <ClInclude Include="TileSet2.h">
      <Filter>Header Files</Filter>
    </ClInclude>
    <ClInclude Include="Jason2.h">
      <Filter>Header Files</Filter>
    </ClInclude>
    <ClInclude Include="Map1.h">
      <Filter>Header Files</Filter>
    </ClInclude>
    <ClInclude Include="TileSet1.h">
      <Filter>Header Files</Filter>
    </ClInclude>
    <ClInclude Include="Jason1.h">
      <Filter>Header Files</Filter>
    </ClInclude>
    <ClInclude Include="Jason2Bullet.h">
      <Filter>Header Files\bullets</Filter>
    </ClInclude>
    <ClInclude Include="Worm.h">
      <Filter>Header Files\objects</Filter>
    </ClInclude>
    <ClInclude Include="Lava.h">
      <Filter>Header Files\objects</Filter>
    </ClInclude>
    <ClInclude Include="Chalk.h">
      <Filter>Header Files\objects</Filter>
    </ClInclude>
    <ClInclude Include="Cannons.h">
      <Filter>Header Files\objects</Filter>
    </ClInclude>
    <ClInclude Include="Domes.h">
      <Filter>Header Files\objects</Filter>
    </ClInclude>
    <ClInclude Include="EyeBall.h">
      <Filter>Header Files\objects</Filter>
    </ClInclude>
    <ClInclude Include="Floater.h">
      <Filter>Header Files\objects</Filter>
    </ClInclude>
    <ClInclude Include="Insect.h">
      <Filter>Header Files\objects</Filter>
    </ClInclude>
    <ClInclude Include="Jumper.h">
      <Filter>Header Files\objects</Filter>
    </ClInclude>
    <ClInclude Include="Orb.h">
      <Filter>Header Files\objects</Filter>
    </ClInclude>
    <ClInclude Include="Skull.h">
      <Filter>Header Files\objects</Filter>
    </ClInclude>
    <ClInclude Include="Teleporter.h">
      <Filter>Header Files\objects</Filter>
    </ClInclude>
    <ClInclude Include="Jason1Bullet.h">
      <Filter>Header Files\bullets</Filter>
    </ClInclude>
    <ClInclude Include="Boss.h">
      <Filter>Header Files\objects</Filter>
    </ClInclude>
    <ClInclude Include="SkullBullet.h">
      <Filter>Header Files\bullets</Filter>
    </ClInclude>
    <ClInclude Include="BossBullet.h">
      <Filter>Header Files\bullets</Filter>
    </ClInclude>
  </ItemGroup>
</Project>